
Microsoft Visual Studio Solution File, Format Version 12.00
# Visual Studio 14
VisualStudioVersion = 14.0.25420.1
MinimumVisualStudioVersion = 10.0.40219.1
Project("{FAE04EC0-301F-11D3-BF4B-00C04F79EFBC}") = "DM.DZ1", "DM.DZ1\DM.DZ1.csproj", "{8E14C7A4-44ED-479F-B876-D083A6CACACC}"
EndProject
Project("{FAE04EC0-301F-11D3-BF4B-00C04F79EFBC}") = "DataModel", "DataModel\DataModel.csproj", "{7547DCD3-5F1B-48C3-B160-DA43D7BE0D01}"
EndProject
Project("{FAE04EC0-301F-11D3-BF4B-00C04F79EFBC}") = "BusinessServices", "BusinessServices\BusinessServices.csproj", "{0BBB152B-2F90-4725-B664-DA06F176DED3}"
EndProject
Project("{FAE04EC0-301F-11D3-BF4B-00C04F79EFBC}") = "BusinessEntities", "BusinessEntities\BusinessEntities.csproj", "{554F3BA0-D9AF-46C7-A0F0-A6FF691A00E1}"
EndProject
Global
	GlobalSection(SolutionConfigurationPlatforms) = preSolution
		Debug|Any CPU = Debug|Any CPU
		Release|Any CPU = Release|Any CPU
	EndGlobalSection
	GlobalSection(ProjectConfigurationPlatforms) = postSolution
		{8E14C7A4-44ED-479F-B876-D083A6CACACC}.Debug|Any CPU.ActiveCfg = Debug|Any CPU
		{8E14C7A4-44ED-479F-B876-D083A6CACACC}.Debug|Any CPU.Build.0 = Debug|Any CPU
		{8E14C7A4-44ED-479F-B876-D083A6CACACC}.Release|Any CPU.ActiveCfg = Release|Any CPU
		{8E14C7A4-44ED-479F-B876-D083A6CACACC}.Release|Any CPU.Build.0 = Release|Any CPU
		{7547DCD3-5F1B-48C3-B160-DA43D7BE0D01}.Debug|Any CPU.ActiveCfg = Debug|Any CPU
		{7547DCD3-5F1B-48C3-B160-DA43D7BE0D01}.Debug|Any CPU.Build.0 = Debug|Any CPU
		{7547DCD3-5F1B-48C3-B160-DA43D7BE0D01}.Release|Any CPU.ActiveCfg = Release|Any CPU
		{7547DCD3-5F1B-48C3-B160-DA43D7BE0D01}.Release|Any CPU.Build.0 = Release|Any CPU
		{0BBB152B-2F90-4725-B664-DA06F176DED3}.Debug|Any CPU.ActiveCfg = Debug|Any CPU
		{0BBB152B-2F90-4725-B664-DA06F176DED3}.Debug|Any CPU.Build.0 = Debug|Any CPU
		{0BBB152B-2F90-4725-B664-DA06F176DED3}.Release|Any CPU.ActiveCfg = Release|Any CPU
		{0BBB152B-2F90-4725-B664-DA06F176DED3}.Release|Any CPU.Build.0 = Release|Any CPU
		{554F3BA0-D9AF-46C7-A0F0-A6FF691A00E1}.Debug|Any CPU.ActiveCfg = Debug|Any CPU
		{554F3BA0-D9AF-46C7-A0F0-A6FF691A00E1}.Debug|Any CPU.Build.0 = Debug|Any CPU
		{554F3BA0-D9AF-46C7-A0F0-A6FF691A00E1}.Release|Any CPU.ActiveCfg = Release|Any CPU
		{554F3BA0-D9AF-46C7-A0F0-A6FF691A00E1}.Release|Any CPU.Build.0 = Release|Any CPU
	EndGlobalSection
	GlobalSection(SolutionProperties) = preSolution
		HideSolutionNode = FALSE
	EndGlobalSection
EndGlobal
